
Microsoft Visual Studio Solution File, Format Version 12.00
# Visual Studio Version 17
VisualStudioVersion = 17.6.33829.357
MinimumVisualStudioVersion = 10.0.40219.1
Project("{FAE04EC0-301F-11D3-BF4B-00C04F79EFBC}") = "WebApplication3", "WebApplication3\WebApplication3.csproj", "{AEB64371-C29B-418A-8B9A-29938B86DE4A}"
EndProject
Global
	GlobalSection(SolutionConfigurationPlatforms) = preSolution
		Debug|Any CPU = Debug|Any CPU
		Release|Any CPU = Release|Any CPU
	EndGlobalSection
	GlobalSection(ProjectConfigurationPlatforms) = postSolution
		{AEB64371-C29B-418A-8B9A-29938B86DE4A}.Debug|Any CPU.ActiveCfg = Debug|Any CPU
		{AEB64371-C29B-418A-8B9A-29938B86DE4A}.Debug|Any CPU.Build.0 = Debug|Any CPU
		{AEB64371-C29B-418A-8B9A-29938B86DE4A}.Release|Any CPU.ActiveCfg = Release|Any CPU
		{AEB64371-C29B-418A-8B9A-29938B86DE4A}.Release|Any CPU.Build.0 = Release|Any CPU
	EndGlobalSection
	GlobalSection(SolutionProperties) = preSolution
		HideSolutionNode = FALSE
	EndGlobalSection
	GlobalSection(ExtensibilityGlobals) = postSolution
		SolutionGuid = {6891FD31-4F94-4EF6-9766-6EEACE08C190}
	EndGlobalSection
EndGlobal
